// !$*UTF8*$!
{
	archiveVersion = 1;
	classes = {
	};
	objectVersion = 46;
	objects = {

/* Begin PBXBuildFile section */
		098BEBEA653A6408B5E316FF /* Pods_The_Prolific_Library.framework in Frameworks */ = {isa = PBXBuildFile; fileRef = 3603DA44EFD9431A54AB8066 /* Pods_The_Prolific_Library.framework */; };
		2308AFB51ECC15C1003E24ED /* DetailViewController.swift in Sources */ = {isa = PBXBuildFile; fileRef = 2308AFB41ECC15C1003E24ED /* DetailViewController.swift */; };
		2368652F1ECA65D30061A303 /* BookTableViewController.swift in Sources */ = {isa = PBXBuildFile; fileRef = 2368652E1ECA65D30061A303 /* BookTableViewController.swift */; };
		236865311ECA78FE0061A303 /* DataAdapter.swift in Sources */ = {isa = PBXBuildFile; fileRef = 236865301ECA78FE0061A303 /* DataAdapter.swift */; };
		236865331ECA95540061A303 /* DateExtension.swift in Sources */ = {isa = PBXBuildFile; fileRef = 236865321ECA95540061A303 /* DateExtension.swift */; };
		239C6F651ECB88EB00E9556F /* AddBookViewController.swift in Sources */ = {isa = PBXBuildFile; fileRef = 239C6F641ECB88EB00E9556F /* AddBookViewController.swift */; };
		239C6F691ECB8A8600E9556F /* CustomCells.swift in Sources */ = {isa = PBXBuildFile; fileRef = 239C6F671ECB8A8600E9556F /* CustomCells.swift */; };
		239C6F6A1ECB8A8600E9556F /* FloatLabelTextField.swift in Sources */ = {isa = PBXBuildFile; fileRef = 239C6F681ECB8A8600E9556F /* FloatLabelTextField.swift */; };
		239C6F6F1ECBABE100E9556F /* CustomAlertView.swift in Sources */ = {isa = PBXBuildFile; fileRef = 239C6F6E1ECBABE100E9556F /* CustomAlertView.swift */; };
		23C5A1C51ECE1BC300DE7D56 /* BookTableViewCell.swift in Sources */ = {isa = PBXBuildFile; fileRef = 23C5A1C41ECE1BC300DE7D56 /* BookTableViewCell.swift */; };
		23CE321E1ECA2B2E00E0F2DB /* AppDelegate.swift in Sources */ = {isa = PBXBuildFile; fileRef = 23CE321D1ECA2B2E00E0F2DB /* AppDelegate.swift */; };
		23CE32231ECA2B2E00E0F2DB /* Main.storyboard in Resources */ = {isa = PBXBuildFile; fileRef = 23CE32211ECA2B2E00E0F2DB /* Main.storyboard */; };
		23CE32251ECA2B2E00E0F2DB /* Assets.xcassets in Resources */ = {isa = PBXBuildFile; fileRef = 23CE32241ECA2B2E00E0F2DB /* Assets.xcassets */; };
		23CE32281ECA2B2E00E0F2DB /* LaunchScreen.storyboard in Resources */ = {isa = PBXBuildFile; fileRef = 23CE32261ECA2B2E00E0F2DB /* LaunchScreen.storyboard */; };
		23CE32331ECA2B2E00E0F2DB /* The_Prolific_LibraryTests.swift in Sources */ = {isa = PBXBuildFile; fileRef = 23CE32321ECA2B2E00E0F2DB /* The_Prolific_LibraryTests.swift */; };
		23CE323F1ECA2F4700E0F2DB /* NetworkAdapter.swift in Sources */ = {isa = PBXBuildFile; fileRef = 23CE323E1ECA2F4700E0F2DB /* NetworkAdapter.swift */; };
		23CE32421ECA31B600E0F2DB /* Book.swift in Sources */ = {isa = PBXBuildFile; fileRef = 23CE32411ECA31B600E0F2DB /* Book.swift */; };
		9E31A4A24B2ED41D67BCBEE6 /* Pods_The_Prolific_LibraryTests.framework in Frameworks */ = {isa = PBXBuildFile; fileRef = F6D3BB6946A137A2C89C932B /* Pods_The_Prolific_LibraryTests.framework */; };
/* End PBXBuildFile section */

/* Begin PBXContainerItemProxy section */
		23CE322F1ECA2B2E00E0F2DB /* PBXContainerItemProxy */ = {
			isa = PBXContainerItemProxy;
			containerPortal = 23CE32121ECA2B2E00E0F2DB /* Project object */;
			proxyType = 1;
			remoteGlobalIDString = 23CE32191ECA2B2E00E0F2DB;
			remoteInfo = "The Prolific Library";
		};
/* End PBXContainerItemProxy section */

/* Begin PBXFileReference section */
		2308AFB41ECC15C1003E24ED /* DetailViewController.swift */ = {isa = PBXFileReference; fileEncoding = 4; lastKnownFileType = sourcecode.swift; path = DetailViewController.swift; sourceTree = "<group>"; };
		2368652E1ECA65D30061A303 /* BookTableViewController.swift */ = {isa = PBXFileReference; fileEncoding = 4; lastKnownFileType = sourcecode.swift; path = BookTableViewController.swift; sourceTree = "<group>"; };
		236865301ECA78FE0061A303 /* DataAdapter.swift */ = {isa = PBXFileReference; fileEncoding = 4; lastKnownFileType = sourcecode.swift; name = DataAdapter.swift; path = ../DataAdapter.swift; sourceTree = "<group>"; };
		236865321ECA95540061A303 /* DateExtension.swift */ = {isa = PBXFileReference; fileEncoding = 4; lastKnownFileType = sourcecode.swift; path = DateExtension.swift; sourceTree = "<group>"; };
		239C6F641ECB88EB00E9556F /* AddBookViewController.swift */ = {isa = PBXFileReference; fileEncoding = 4; lastKnownFileType = sourcecode.swift; path = AddBookViewController.swift; sourceTree = "<group>"; };
		239C6F671ECB8A8600E9556F /* CustomCells.swift */ = {isa = PBXFileReference; fileEncoding = 4; lastKnownFileType = sourcecode.swift; path = CustomCells.swift; sourceTree = "<group>"; };
		239C6F681ECB8A8600E9556F /* FloatLabelTextField.swift */ = {isa = PBXFileReference; fileEncoding = 4; lastKnownFileType = sourcecode.swift; path = FloatLabelTextField.swift; sourceTree = "<group>"; };
		239C6F6E1ECBABE100E9556F /* CustomAlertView.swift */ = {isa = PBXFileReference; fileEncoding = 4; lastKnownFileType = sourcecode.swift; path = CustomAlertView.swift; sourceTree = "<group>"; };
		23C5A1C41ECE1BC300DE7D56 /* BookTableViewCell.swift */ = {isa = PBXFileReference; fileEncoding = 4; lastKnownFileType = sourcecode.swift; path = BookTableViewCell.swift; sourceTree = "<group>"; };
		23CE321A1ECA2B2E00E0F2DB /* The Prolific Library.app */ = {isa = PBXFileReference; explicitFileType = wrapper.application; includeInIndex = 0; path = "The Prolific Library.app"; sourceTree = BUILT_PRODUCTS_DIR; };
		23CE321D1ECA2B2E00E0F2DB /* AppDelegate.swift */ = {isa = PBXFileReference; lastKnownFileType = sourcecode.swift; path = AppDelegate.swift; sourceTree = "<group>"; };
		23CE32221ECA2B2E00E0F2DB /* Base */ = {isa = PBXFileReference; lastKnownFileType = file.storyboard; name = Base; path = Base.lproj/Main.storyboard; sourceTree = "<group>"; };
		23CE32241ECA2B2E00E0F2DB /* Assets.xcassets */ = {isa = PBXFileReference; lastKnownFileType = folder.assetcatalog; path = Assets.xcassets; sourceTree = "<group>"; };
		23CE32271ECA2B2E00E0F2DB /* Base */ = {isa = PBXFileReference; lastKnownFileType = file.storyboard; name = Base; path = Base.lproj/LaunchScreen.storyboard; sourceTree = "<group>"; };
		23CE32291ECA2B2E00E0F2DB /* Info.plist */ = {isa = PBXFileReference; lastKnownFileType = text.plist.xml; path = Info.plist; sourceTree = "<group>"; };
		23CE322E1ECA2B2E00E0F2DB /* The Prolific LibraryTests.xctest */ = {isa = PBXFileReference; explicitFileType = wrapper.cfbundle; includeInIndex = 0; path = "The Prolific LibraryTests.xctest"; sourceTree = BUILT_PRODUCTS_DIR; };
		23CE32321ECA2B2E00E0F2DB /* The_Prolific_LibraryTests.swift */ = {isa = PBXFileReference; lastKnownFileType = sourcecode.swift; path = The_Prolific_LibraryTests.swift; sourceTree = "<group>"; };
		23CE32341ECA2B2E00E0F2DB /* Info.plist */ = {isa = PBXFileReference; lastKnownFileType = text.plist.xml; path = Info.plist; sourceTree = "<group>"; };
		23CE323E1ECA2F4700E0F2DB /* NetworkAdapter.swift */ = {isa = PBXFileReference; fileEncoding = 4; lastKnownFileType = sourcecode.swift; path = NetworkAdapter.swift; sourceTree = "<group>"; };
		23CE32411ECA31B600E0F2DB /* Book.swift */ = {isa = PBXFileReference; fileEncoding = 4; lastKnownFileType = sourcecode.swift; path = Book.swift; sourceTree = "<group>"; };
		3603DA44EFD9431A54AB8066 /* Pods_The_Prolific_Library.framework */ = {isa = PBXFileReference; explicitFileType = wrapper.framework; includeInIndex = 0; path = Pods_The_Prolific_Library.framework; sourceTree = BUILT_PRODUCTS_DIR; };
		78F6108D895B5FFD92BE8EAE /* Pods-The Prolific LibraryTests.release.xcconfig */ = {isa = PBXFileReference; includeInIndex = 1; lastKnownFileType = text.xcconfig; name = "Pods-The Prolific LibraryTests.release.xcconfig"; path = "Pods/Target Support Files/Pods-The Prolific LibraryTests/Pods-The Prolific LibraryTests.release.xcconfig"; sourceTree = "<group>"; };
		82F5EA72C1F2583F675DD8E7 /* Pods-The Prolific LibraryTests.debug.xcconfig */ = {isa = PBXFileReference; includeInIndex = 1; lastKnownFileType = text.xcconfig; name = "Pods-The Prolific LibraryTests.debug.xcconfig"; path = "Pods/Target Support Files/Pods-The Prolific LibraryTests/Pods-The Prolific LibraryTests.debug.xcconfig"; sourceTree = "<group>"; };
		C9A8F82B2BAA5EDA4F981FF8 /* Pods-The Prolific Library.debug.xcconfig */ = {isa = PBXFileReference; includeInIndex = 1; lastKnownFileType = text.xcconfig; name = "Pods-The Prolific Library.debug.xcconfig"; path = "Pods/Target Support Files/Pods-The Prolific Library/Pods-The Prolific Library.debug.xcconfig"; sourceTree = "<group>"; };
		F4CBFC4C266136C7D732B922 /* Pods-The Prolific Library.release.xcconfig */ = {isa = PBXFileReference; includeInIndex = 1; lastKnownFileType = text.xcconfig; name = "Pods-The Prolific Library.release.xcconfig"; path = "Pods/Target Support Files/Pods-The Prolific Library/Pods-The Prolific Library.release.xcconfig"; sourceTree = "<group>"; };
		F6D3BB6946A137A2C89C932B /* Pods_The_Prolific_LibraryTests.framework */ = {isa = PBXFileReference; explicitFileType = wrapper.framework; includeInIndex = 0; path = Pods_The_Prolific_LibraryTests.framework; sourceTree = BUILT_PRODUCTS_DIR; };
/* End PBXFileReference section */

/* Begin PBXFrameworksBuildPhase section */
		23CE32171ECA2B2E00E0F2DB /* Frameworks */ = {
			isa = PBXFrameworksBuildPhase;
			buildActionMask = 2147483647;
			files = (
				098BEBEA653A6408B5E316FF /* Pods_The_Prolific_Library.framework in Frameworks */,
			);
			runOnlyForDeploymentPostprocessing = 0;
		};
		23CE322B1ECA2B2E00E0F2DB /* Frameworks */ = {
			isa = PBXFrameworksBuildPhase;
			buildActionMask = 2147483647;
			files = (
				9E31A4A24B2ED41D67BCBEE6 /* Pods_The_Prolific_LibraryTests.framework in Frameworks */,
			);
			runOnlyForDeploymentPostprocessing = 0;
		};
/* End PBXFrameworksBuildPhase section */

/* Begin PBXGroup section */
		0C82F0FB9B751D58607E5846 /* Frameworks */ = {
			isa = PBXGroup;
			children = (
				3603DA44EFD9431A54AB8066 /* Pods_The_Prolific_Library.framework */,
				F6D3BB6946A137A2C89C932B /* Pods_The_Prolific_LibraryTests.framework */,
			);
			name = Frameworks;
			sourceTree = "<group>";
		};
		2368652D1ECA65AB0061A303 /* View Controllers */ = {
			isa = PBXGroup;
			children = (
				2368652E1ECA65D30061A303 /* BookTableViewController.swift */,
				239C6F641ECB88EB00E9556F /* AddBookViewController.swift */,
				2308AFB41ECC15C1003E24ED /* DetailViewController.swift */,
			);
			name = "View Controllers";
			sourceTree = "<group>";
		};
		239C6F661ECB8A5500E9556F /* Eureka Form Builder */ = {
			isa = PBXGroup;
			children = (
				239C6F671ECB8A8600E9556F /* CustomCells.swift */,
				239C6F681ECB8A8600E9556F /* FloatLabelTextField.swift */,
			);
			name = "Eureka Form Builder";
			path = "The Prolific Library";
			sourceTree = "<group>";
		};
		239C6F6D1ECBABB900E9556F /* Alert View */ = {
			isa = PBXGroup;
			children = (
				239C6F6E1ECBABE100E9556F /* CustomAlertView.swift */,
			);
			name = "Alert View";
			sourceTree = "<group>";
		};
		23C5A1C31ECE1B9900DE7D56 /* View */ = {
			isa = PBXGroup;
			children = (
				23C5A1C41ECE1BC300DE7D56 /* BookTableViewCell.swift */,
				239C6F661ECB8A5500E9556F /* Eureka Form Builder */,
				239C6F6D1ECBABB900E9556F /* Alert View */,
			);
			name = View;
			sourceTree = "<group>";
		};
		23CE32111ECA2B2E00E0F2DB = {
			isa = PBXGroup;
			children = (
				23C5A1C31ECE1B9900DE7D56 /* View */,
				23CE321C1ECA2B2E00E0F2DB /* The Prolific Library */,
				23CE32311ECA2B2E00E0F2DB /* The Prolific LibraryTests */,
				23CE321B1ECA2B2E00E0F2DB /* Products */,
				720E35F4F270652E333D30A9 /* Pods */,
				0C82F0FB9B751D58607E5846 /* Frameworks */,
			);
			sourceTree = "<group>";
		};
		23CE321B1ECA2B2E00E0F2DB /* Products */ = {
			isa = PBXGroup;
			children = (
				23CE321A1ECA2B2E00E0F2DB /* The Prolific Library.app */,
				23CE322E1ECA2B2E00E0F2DB /* The Prolific LibraryTests.xctest */,
			);
			name = Products;
			sourceTree = "<group>";
		};
		23CE321C1ECA2B2E00E0F2DB /* The Prolific Library */ = {
			isa = PBXGroup;
			children = (
				2368652D1ECA65AB0061A303 /* View Controllers */,
				23CE32401ECA31AA00E0F2DB /* Entity */,
				23CE323D1ECA2F3700E0F2DB /* Adapters */,
				23CE321D1ECA2B2E00E0F2DB /* AppDelegate.swift */,
				23CE32211ECA2B2E00E0F2DB /* Main.storyboard */,
				23CE32241ECA2B2E00E0F2DB /* Assets.xcassets */,
				23CE32261ECA2B2E00E0F2DB /* LaunchScreen.storyboard */,
				23CE32291ECA2B2E00E0F2DB /* Info.plist */,
				236865321ECA95540061A303 /* DateExtension.swift */,
			);
			path = "The Prolific Library";
			sourceTree = "<group>";
		};
		23CE32311ECA2B2E00E0F2DB /* The Prolific LibraryTests */ = {
			isa = PBXGroup;
			children = (
				23CE32321ECA2B2E00E0F2DB /* The_Prolific_LibraryTests.swift */,
				23CE32341ECA2B2E00E0F2DB /* Info.plist */,
			);
			path = "The Prolific LibraryTests";
			sourceTree = "<group>";
		};
		23CE323D1ECA2F3700E0F2DB /* Adapters */ = {
			isa = PBXGroup;
			children = (
				236865301ECA78FE0061A303 /* DataAdapter.swift */,
				23CE323E1ECA2F4700E0F2DB /* NetworkAdapter.swift */,
			);
			name = Adapters;
			sourceTree = "<group>";
		};
		23CE32401ECA31AA00E0F2DB /* Entity */ = {
			isa = PBXGroup;
			children = (
				23CE32411ECA31B600E0F2DB /* Book.swift */,
			);
			name = Entity;
			sourceTree = "<group>";
		};
		720E35F4F270652E333D30A9 /* Pods */ = {
			isa = PBXGroup;
			children = (
				C9A8F82B2BAA5EDA4F981FF8 /* Pods-The Prolific Library.debug.xcconfig */,
				F4CBFC4C266136C7D732B922 /* Pods-The Prolific Library.release.xcconfig */,
				82F5EA72C1F2583F675DD8E7 /* Pods-The Prolific LibraryTests.debug.xcconfig */,
				78F6108D895B5FFD92BE8EAE /* Pods-The Prolific LibraryTests.release.xcconfig */,
			);
			name = Pods;
			sourceTree = "<group>";
		};
/* End PBXGroup section */

/* Begin PBXNativeTarget section */
		23CE32191ECA2B2E00E0F2DB /* The Prolific Library */ = {
			isa = PBXNativeTarget;
			buildConfigurationList = 23CE32371ECA2B2E00E0F2DB /* Build configuration list for PBXNativeTarget "The Prolific Library" */;
			buildPhases = (
				7F56AB7E61F20DC8422AFB5E /* [CP] Check Pods Manifest.lock */,
				23CE32161ECA2B2E00E0F2DB /* Sources */,
				23CE32171ECA2B2E00E0F2DB /* Frameworks */,
				23CE32181ECA2B2E00E0F2DB /* Resources */,
				2F7008EFDD30718EC6B9F6B5 /* [CP] Embed Pods Frameworks */,
				1AF06293AF0CB782945B32D0 /* [CP] Copy Pods Resources */,
			);
			buildRules = (
			);
			dependencies = (
			);
			name = "The Prolific Library";
			productName = "The Prolific Library";
			productReference = 23CE321A1ECA2B2E00E0F2DB /* The Prolific Library.app */;
			productType = "com.apple.product-type.application";
		};
		23CE322D1ECA2B2E00E0F2DB /* The Prolific LibraryTests */ = {
			isa = PBXNativeTarget;
			buildConfigurationList = 23CE323A1ECA2B2E00E0F2DB /* Build configuration list for PBXNativeTarget "The Prolific LibraryTests" */;
			buildPhases = (
				939E16EC95A5D3E87924C169 /* [CP] Check Pods Manifest.lock */,
				23CE322A1ECA2B2E00E0F2DB /* Sources */,
				23CE322B1ECA2B2E00E0F2DB /* Frameworks */,
				23CE322C1ECA2B2E00E0F2DB /* Resources */,
				78060624BBCEAACB250EFC8B /* [CP] Embed Pods Frameworks */,
				D551681D0A2EECF2D1C995ED /* [CP] Copy Pods Resources */,
			);
			buildRules = (
			);
			dependencies = (
				23CE32301ECA2B2E00E0F2DB /* PBXTargetDependency */,
			);
			name = "The Prolific LibraryTests";
			productName = "The Prolific LibraryTests";
			productReference = 23CE322E1ECA2B2E00E0F2DB /* The Prolific LibraryTests.xctest */;
			productType = "com.apple.product-type.bundle.unit-test";
		};
/* End PBXNativeTarget section */

/* Begin PBXProject section */
		23CE32121ECA2B2E00E0F2DB /* Project object */ = {
			isa = PBXProject;
			attributes = {
				LastSwiftUpdateCheck = 0830;
				LastUpgradeCheck = 0830;
				ORGANIZATIONNAME = "Gungor Basa";
				TargetAttributes = {
					23CE32191ECA2B2E00E0F2DB = {
						CreatedOnToolsVersion = 8.3.2;
						DevelopmentTeam = 456T4LX972;
						ProvisioningStyle = Automatic;
					};
					23CE322D1ECA2B2E00E0F2DB = {
						CreatedOnToolsVersion = 8.3.2;
						DevelopmentTeam = 456T4LX972;
						ProvisioningStyle = Automatic;
						TestTargetID = 23CE32191ECA2B2E00E0F2DB;
					};
				};
			};
			buildConfigurationList = 23CE32151ECA2B2E00E0F2DB /* Build configuration list for PBXProject "The Prolific Library" */;
			compatibilityVersion = "Xcode 3.2";
			developmentRegion = English;
			hasScannedForEncodings = 0;
			knownRegions = (
				en,
				Base,
			);
			mainGroup = 23CE32111ECA2B2E00E0F2DB;
			productRefGroup = 23CE321B1ECA2B2E00E0F2DB /* Products */;
			projectDirPath = "";
			projectRoot = "";
			targets = (
				23CE32191ECA2B2E00E0F2DB /* The Prolific Library */,
				23CE322D1ECA2B2E00E0F2DB /* The Prolific LibraryTests */,
			);
		};
/* End PBXProject section */

/* Begin PBXResourcesBuildPhase section */
		23CE32181ECA2B2E00E0F2DB /* Resources */ = {
			isa = PBXResourcesBuildPhase;
			buildActionMask = 2147483647;
			files = (
				23CE32281ECA2B2E00E0F2DB /* LaunchScreen.storyboard in Resources */,
				23CE32251ECA2B2E00E0F2DB /* Assets.xcassets in Resources */,
				23CE32231ECA2B2E00E0F2DB /* Main.storyboard in Resources */,
			);
			runOnlyForDeploymentPostprocessing = 0;
		};
		23CE322C1ECA2B2E00E0F2DB /* Resources */ = {
			isa = PBXResourcesBuildPhase;
			buildActionMask = 2147483647;
			files = (
			);
			runOnlyForDeploymentPostprocessing = 0;
		};
/* End PBXResourcesBuildPhase section */

/* Begin PBXShellScriptBuildPhase section */
		1AF06293AF0CB782945B32D0 /* [CP] Copy Pods Resources */ = {
			isa = PBXShellScriptBuildPhase;
			buildActionMask = 2147483647;
			files = (
			);
			inputPaths = (
			);
			name = "[CP] Copy Pods Resources";
			outputPaths = (
			);
			runOnlyForDeploymentPostprocessing = 0;
			shellPath = /bin/sh;
			shellScript = "\"${SRCROOT}/Pods/Target Support Files/Pods-The Prolific Library/Pods-The Prolific Library-resources.sh\"\n";
			showEnvVarsInLog = 0;
		};
		2F7008EFDD30718EC6B9F6B5 /* [CP] Embed Pods Frameworks */ = {
			isa = PBXShellScriptBuildPhase;
			buildActionMask = 2147483647;
			files = (
			);
			inputPaths = (
			);
			name = "[CP] Embed Pods Frameworks";
			outputPaths = (
			);
			runOnlyForDeploymentPostprocessing = 0;
			shellPath = /bin/sh;
			shellScript = "\"${SRCROOT}/Pods/Target Support Files/Pods-The Prolific Library/Pods-The Prolific Library-frameworks.sh\"\n";
			showEnvVarsInLog = 0;
		};
		78060624BBCEAACB250EFC8B /* [CP] Embed Pods Frameworks */ = {
			isa = PBXShellScriptBuildPhase;
			buildActionMask = 2147483647;
			files = (
			);
			inputPaths = (
			);
			name = "[CP] Embed Pods Frameworks";
			outputPaths = (
			);
			runOnlyForDeploymentPostprocessing = 0;
			shellPath = /bin/sh;
			shellScript = "\"${SRCROOT}/Pods/Target Support Files/Pods-The Prolific LibraryTests/Pods-The Prolific LibraryTests-frameworks.sh\"\n";
			showEnvVarsInLog = 0;
		};
		7F56AB7E61F20DC8422AFB5E /* [CP] Check Pods Manifest.lock */ = {
			isa = PBXShellScriptBuildPhase;
			buildActionMask = 2147483647;
			files = (
			);
			inputPaths = (
			);
			name = "[CP] Check Pods Manifest.lock";
			outputPaths = (
			);
			runOnlyForDeploymentPostprocessing = 0;
			shellPath = /bin/sh;
			shellScript = "diff \"${PODS_ROOT}/../Podfile.lock\" \"${PODS_ROOT}/Manifest.lock\" > /dev/null\nif [ $? != 0 ] ; then\n    # print error to STDERR\n    echo \"error: The sandbox is not in sync with the Podfile.lock. Run 'pod install' or update your CocoaPods installation.\" >&2\n    exit 1\nfi\n";
			showEnvVarsInLog = 0;
		};
		939E16EC95A5D3E87924C169 /* [CP] Check Pods Manifest.lock */ = {
			isa = PBXShellScriptBuildPhase;
			buildActionMask = 2147483647;
			files = (
			);
			inputPaths = (
			);
			name = "[CP] Check Pods Manifest.lock";
			outputPaths = (
			);
			runOnlyForDeploymentPostprocessing = 0;
			shellPath = /bin/sh;
			shellScript = "diff \"${PODS_ROOT}/../Podfile.lock\" \"${PODS_ROOT}/Manifest.lock\" > /dev/null\nif [ $? != 0 ] ; then\n    # print error to STDERR\n    echo \"error: The sandbox is not in sync with the Podfile.lock. Run 'pod install' or update your CocoaPods installation.\" >&2\n    exit 1\nfi\n";
			showEnvVarsInLog = 0;
		};
		D551681D0A2EECF2D1C995ED /* [CP] Copy Pods Resources */ = {
			isa = PBXShellScriptBuildPhase;
			buildActionMask = 2147483647;
			files = (
			);
			inputPaths = (
			);
			name = "[CP] Copy Pods Resources";
			outputPaths = (
			);
			runOnlyForDeploymentPostprocessing = 0;
			shellPath = /bin/sh;
			shellScript = "\"${SRCROOT}/Pods/Target Support Files/Pods-The Prolific LibraryTests/Pods-The Prolific LibraryTests-resources.sh\"\n";
			showEnvVarsInLog = 0;
		};
/* End PBXShellScriptBuildPhase section */

/* Begin PBXSourcesBuildPhase section */
		23CE32161ECA2B2E00E0F2DB /* Sources */ = {
			isa = PBXSourcesBuildPhase;
			buildActionMask = 2147483647;
			files = (
				2368652F1ECA65D30061A303 /* BookTableViewController.swift in Sources */,
				239C6F651ECB88EB00E9556F /* AddBookViewController.swift in Sources */,
				23C5A1C51ECE1BC300DE7D56 /* BookTableViewCell.swift in Sources */,
				239C6F6F1ECBABE100E9556F /* CustomAlertView.swift in Sources */,
				2308AFB51ECC15C1003E24ED /* DetailViewController.swift in Sources */,
				236865331ECA95540061A303 /* DateExtension.swift in Sources */,
				239C6F6A1ECB8A8600E9556F /* FloatLabelTextField.swift in Sources */,
				23CE32421ECA31B600E0F2DB /* Book.swift in Sources */,
				23CE323F1ECA2F4700E0F2DB /* NetworkAdapter.swift in Sources */,
				23CE321E1ECA2B2E00E0F2DB /* AppDelegate.swift in Sources */,
				239C6F691ECB8A8600E9556F /* CustomCells.swift in Sources */,
				236865311ECA78FE0061A303 /* DataAdapter.swift in Sources */,
			);
			runOnlyForDeploymentPostprocessing = 0;
		};
		23CE322A1ECA2B2E00E0F2DB /* Sources */ = {
			isa = PBXSourcesBuildPhase;
			buildActionMask = 2147483647;
			files = (
				23CE32331ECA2B2E00E0F2DB /* The_Prolific_LibraryTests.swift in Sources */,
			);
			runOnlyForDeploymentPostprocessing = 0;
		};
/* End PBXSourcesBuildPhase section */

/* Begin PBXTargetDependency section */
		23CE32301ECA2B2E00E0F2DB /* PBXTargetDependency */ = {
			isa = PBXTargetDependency;
			target = 23CE32191ECA2B2E00E0F2DB /* The Prolific Library */;
			targetProxy = 23CE322F1ECA2B2E00E0F2DB /* PBXContainerItemProxy */;
		};
/* End PBXTargetDependency section */

/* Begin PBXVariantGroup section */
		23CE32211ECA2B2E00E0F2DB /* Main.storyboard */ = {
			isa = PBXVariantGroup;
			children = (
				23CE32221ECA2B2E00E0F2DB /* Base */,
			);
			name = Main.storyboard;
			sourceTree = "<group>";
		};
		23CE32261ECA2B2E00E0F2DB /* LaunchScreen.storyboard */ = {
			isa = PBXVariantGroup;
			children = (
				23CE32271ECA2B2E00E0F2DB /* Base */,
			);
			name = LaunchScreen.storyboard;
			sourceTree = "<group>";
		};
/* End PBXVariantGroup section */

/* Begin XCBuildConfiguration section */
		23CE32351ECA2B2E00E0F2DB /* Debug */ = {
			isa = XCBuildConfiguration;
			buildSettings = {
				ALWAYS_SEARCH_USER_PATHS = NO;
				CLANG_ANALYZER_NONNULL = YES;
				CLANG_ANALYZER_NUMBER_OBJECT_CONVERSION = YES_AGGRESSIVE;
				CLANG_CXX_LANGUAGE_STANDARD = "gnu++0x";
				CLANG_CXX_LIBRARY = "libc++";
				CLANG_ENABLE_MODULES = YES;
				CLANG_ENABLE_OBJC_ARC = YES;
				CLANG_WARN_BOOL_CONVERSION = YES;
				CLANG_WARN_CONSTANT_CONVERSION = YES;
				CLANG_WARN_DIRECT_OBJC_ISA_USAGE = YES_ERROR;
				CLANG_WARN_DOCUMENTATION_COMMENTS = YES;
				CLANG_WARN_EMPTY_BODY = YES;
				CLANG_WARN_ENUM_CONVERSION = YES;
				CLANG_WARN_INFINITE_RECURSION = YES;
				CLANG_WARN_INT_CONVERSION = YES;
				CLANG_WARN_OBJC_ROOT_CLASS = YES_ERROR;
				CLANG_WARN_SUSPICIOUS_MOVE = YES;
				CLANG_WARN_UNREACHABLE_CODE = YES;
				CLANG_WARN__DUPLICATE_METHOD_MATCH = YES;
				"CODE_SIGN_IDENTITY[sdk=iphoneos*]" = "iPhone Developer";
				COPY_PHASE_STRIP = NO;
				DEBUG_INFORMATION_FORMAT = dwarf;
				ENABLE_STRICT_OBJC_MSGSEND = YES;
				ENABLE_TESTABILITY = YES;
				GCC_C_LANGUAGE_STANDARD = gnu99;
				GCC_DYNAMIC_NO_PIC = NO;
				GCC_NO_COMMON_BLOCKS = YES;
				GCC_OPTIMIZATION_LEVEL = 0;
				GCC_PREPROCESSOR_DEFINITIONS = (
					"DEBUG=1",
					"$(inherited)",
				);
				GCC_WARN_64_TO_32_BIT_CONVERSION = YES;
				GCC_WARN_ABOUT_RETURN_TYPE = YES_ERROR;
				GCC_WARN_UNDECLARED_SELECTOR = YES;
				GCC_WARN_UNINITIALIZED_AUTOS = YES_AGGRESSIVE;
				GCC_WARN_UNUSED_FUNCTION = YES;
				GCC_WARN_UNUSED_VARIABLE = YES;
				IPHONEOS_DEPLOYMENT_TARGET = 10.3;
				MTL_ENABLE_DEBUG_INFO = YES;
				ONLY_ACTIVE_ARCH = YES;
				SDKROOT = iphoneos;
				SWIFT_ACTIVE_COMPILATION_CONDITIONS = DEBUG;
				SWIFT_OPTIMIZATION_LEVEL = "-Onone";
			};
			name = Debug;
		};
		23CE32361ECA2B2E00E0F2DB /* Release */ = {
			isa = XCBuildConfiguration;
			buildSettings = {
				ALWAYS_SEARCH_USER_PATHS = NO;
				CLANG_ANALYZER_NONNULL = YES;
				CLANG_ANALYZER_NUMBER_OBJECT_CONVERSION = YES_AGGRESSIVE;
				CLANG_CXX_LANGUAGE_STANDARD = "gnu++0x";
				CLANG_CXX_LIBRARY = "libc++";
				CLANG_ENABLE_MODULES = YES;
				CLANG_ENABLE_OBJC_ARC = YES;
				CLANG_WARN_BOOL_CONVERSION = YES;
				CLANG_WARN_CONSTANT_CONVERSION = YES;
				CLANG_WARN_DIRECT_OBJC_ISA_USAGE = YES_ERROR;
				CLANG_WARN_DOCUMENTATION_COMMENTS = YES;
				CLANG_WARN_EMPTY_BODY = YES;
				CLANG_WARN_ENUM_CONVERSION = YES;
				CLANG_WARN_INFINITE_RECURSION = YES;
				CLANG_WARN_INT_CONVERSION = YES;
				CLANG_WARN_OBJC_ROOT_CLASS = YES_ERROR;
				CLANG_WARN_SUSPICIOUS_MOVE = YES;
				CLANG_WARN_UNREACHABLE_CODE = YES;
				CLANG_WARN__DUPLICATE_METHOD_MATCH = YES;
				"CODE_SIGN_IDENTITY[sdk=iphoneos*]" = "iPhone Developer";
				COPY_PHASE_STRIP = NO;
				DEBUG_INFORMATION_FORMAT = "dwarf-with-dsym";
				ENABLE_NS_ASSERTIONS = NO;
				ENABLE_STRICT_OBJC_MSGSEND = YES;
				GCC_C_LANGUAGE_STANDARD = gnu99;
				GCC_NO_COMMON_BLOCKS = YES;
				GCC_WARN_64_TO_32_BIT_CONVERSION = YES;
				GCC_WARN_ABOUT_RETURN_TYPE = YES_ERROR;
				GCC_WARN_UNDECLARED_SELECTOR = YES;
				GCC_WARN_UNINITIALIZED_AUTOS = YES_AGGRESSIVE;
				GCC_WARN_UNUSED_FUNCTION = YES;
				GCC_WARN_UNUSED_VARIABLE = YES;
				IPHONEOS_DEPLOYMENT_TARGET = 10.3;
				MTL_ENABLE_DEBUG_INFO = NO;
				SDKROOT = iphoneos;
				SWIFT_OPTIMIZATION_LEVEL = "-Owholemodule";
				VALIDATE_PRODUCT = YES;
			};
			name = Release;
		};
		23CE32381ECA2B2E00E0F2DB /* Debug */ = {
			isa = XCBuildConfiguration;
			baseConfigurationReference = C9A8F82B2BAA5EDA4F981FF8 /* Pods-The Prolific Library.debug.xcconfig */;
			buildSettings = {
				ASSETCATALOG_COMPILER_APPICON_NAME = AppIcon;
				DEVELOPMENT_TEAM = 456T4LX972;
				INFOPLIST_FILE = "The Prolific Library/Info.plist";
				IPHONEOS_DEPLOYMENT_TARGET = 9.0;
				LD_RUNPATH_SEARCH_PATHS = "$(inherited) @executable_path/Frameworks";
				PRODUCT_BUNDLE_IDENTIFIER = "com.gungor.The-Prolific-Library";
				PRODUCT_NAME = "$(TARGET_NAME)";
				SWIFT_VERSION = 3.0;
			};
			name = Debug;
		};
		23CE32391ECA2B2E00E0F2DB /* Release */ = {
			isa = XCBuildConfiguration;
			baseConfigurationReference = F4CBFC4C266136C7D732B922 /* Pods-The Prolific Library.release.xcconfig */;
			buildSettings = {
				ASSETCATALOG_COMPILER_APPICON_NAME = AppIcon;
				DEVELOPMENT_TEAM = 456T4LX972;
				INFOPLIST_FILE = "The Prolific Library/Info.plist";
				IPHONEOS_DEPLOYMENT_TARGET = 9.0;
				LD_RUNPATH_SEARCH_PATHS = "$(inherited) @executable_path/Frameworks";
				PRODUCT_BUNDLE_IDENTIFIER = "com.gungor.The-Prolific-Library";
				PRODUCT_NAME = "$(TARGET_NAME)";
				SWIFT_VERSION = 3.0;
			};
			name = Release;
		};
		23CE323B1ECA2B2E00E0F2DB /* Debug */ = {
			isa = XCBuildConfiguration;
			baseConfigurationReference = 82F5EA72C1F2583F675DD8E7 /* Pods-The Prolific LibraryTests.debug.xcconfig */;
			buildSettings = {
				ALWAYS_EMBED_SWIFT_STANDARD_LIBRARIES = YES;
				BUNDLE_LOADER = "$(TEST_HOST)";
				DEVELOPMENT_TEAM = 456T4LX972;
				INFOPLIST_FILE = "The Prolific LibraryTests/Info.plist";
				LD_RUNPATH_SEARCH_PATHS = "$(inherited) @executable_path/Frameworks @loader_path/Frameworks";
				PRODUCT_BUNDLE_IDENTIFIER = "com.gungor.The-Prolific-LibraryTests";
				PRODUCT_NAME = "$(TARGET_NAME)";
				SWIFT_VERSION = 3.0;
				TEST_HOST = "$(BUILT_PRODUCTS_DIR)/The Prolific Library.app/The Prolific Library";
			};
			name = Debug;
		};
		23CE323C1ECA2B2E00E0F2DB /* Release */ = {
			isa = XCBuildConfiguration;
			baseConfigurationReference = 78F6108D895B5FFD92BE8EAE /* Pods-The Prolific LibraryTests.release.xcconfig */;
			buildSettings = {
				ALWAYS_EMBED_SWIFT_STANDARD_LIBRARIES = YES;
				BUNDLE_LOADER = "$(TEST_HOST)";
				DEVELOPMENT_TEAM = 456T4LX972;
				INFOPLIST_FILE = "The Prolific LibraryTests/Info.plist";
				LD_RUNPATH_SEARCH_PATHS = "$(inherited) @executable_path/Frameworks @loader_path/Frameworks";
				PRODUCT_BUNDLE_IDENTIFIER = "com.gungor.The-Prolific-LibraryTests";
				PRODUCT_NAME = "$(TARGET_NAME)";
				SWIFT_VERSION = 3.0;
				TEST_HOST = "$(BUILT_PRODUCTS_DIR)/The Prolific Library.app/The Prolific Library";
			};
			name = Release;
		};
/* End XCBuildConfiguration section */

/* Begin XCConfigurationList section */
		23CE32151ECA2B2E00E0F2DB /* Build configuration list for PBXProject "The Prolific Library" */ = {
			isa = XCConfigurationList;
			buildConfigurations = (
				23CE32351ECA2B2E00E0F2DB /* Debug */,
				23CE32361ECA2B2E00E0F2DB /* Release */,
			);
			defaultConfigurationIsVisible = 0;
			defaultConfigurationName = Release;
		};
		23CE32371ECA2B2E00E0F2DB /* Build configuration list for PBXNativeTarget "The Prolific Library" */ = {
			isa = XCConfigurationList;
			buildConfigurations = (
				23CE32381ECA2B2E00E0F2DB /* Debug */,
				23CE32391ECA2B2E00E0F2DB /* Release */,
			);
			defaultConfigurationIsVisible = 0;
			defaultConfigurationName = Release;
		};
		23CE323A1ECA2B2E00E0F2DB /* Build configuration list for PBXNativeTarget "The Prolific LibraryTests" */ = {
			isa = XCConfigurationList;
			buildConfigurations = (
				23CE323B1ECA2B2E00E0F2DB /* Debug */,
				23CE323C1ECA2B2E00E0F2DB /* Release */,
			);
			defaultConfigurationIsVisible = 0;
			defaultConfigurationName = Release;
		};
/* End XCConfigurationList section */
	};
	rootObject = 23CE32121ECA2B2E00E0F2DB /* Project object */;
}
